{
  "name": "sol-tx-watch",
  "version": "0.1.0",
  "lockfileVersion": 3,
  "requires": true,
  "packages": {
    "": {
      "name": "sol-tx-watch",
      "version": "0.1.0",
      "license": "MIT",
      "dependencies": {
        "sol-tx-explain": "^0.2.1",
        "ws": "^8.22.0"
      },
      "bin": {
        "sol-tx-watch": "bin/sol-tx-watch.js"
      },
      "engines": {
        "node": ">=18"
      }
    },
    "node_modules/sol-tx-explain": {
      "version": "0.2.1",
      "resolved": "https://registry.npmjs.org/sol-tx-explain/-/sol-tx-explain-0.2.1.tgz",
      "integrity": "sha512-k0EEDkRGtXlzGhw3TGmdNF+LbIrKlEDZL/ysOl9i9b93thrhewxZb7pHclPXLTL5hRbmPJtMeiV0EK9m63/Caw==",
      "license": "MIT",
      "bin": {
        "sol-tx-explain": "bin/sol-tx-explain.js"
      },
      "engines": {
        "node": ">=18"
      }
    },
    "node_modules/ws": {
      "version": "8.22.0",
      "resolved": "https://registry.npmjs.org/ws/-/ws-8.22.0.tgz",
      "integrity": "sha512-Ydggc987+RO0AnWtZ/7Wq9FtNvcrL1b/RO0ud9mWjUPgDrsAAwQSF51sm2hm1XofbU/4jkpGEsLFsZZxU+1DOg==",
      "license": "MIT",
      "engines": {
        "node": ">=10.0.0"
      },
      "peerDependencies": {
        "bufferutil": "^4.0.1",
        "utf-8-validate": ">=5.0.2"
      },
      "peerDependenciesMeta": {
        "bufferutil": {
          "optional": true
        },
        "utf-8-validate": {
          "optional": true
        }
      }
    }
  }
}
